{
  "originHash" : "18bbbaa47c24d88e1d32540f35aedf6e1bd14398eb435a331199a9d3995e4e24",
  "pins" : [
    {
      "identity" : "executorch",
      "kind" : "remoteSourceControl",
      "location" : "https://github.com/pytorch/executorch",
      "state" : {
        "branch" : "swiftpm-1.1.0",
        "revision" : "e26187330ab28e76f6427783ce6e3664bac63484"
      }
    }
  ],
  "version" : 3
}
